
Microsoft Visual Studio Solution File, Format Version 12.00
# Visual Studio Version 16
VisualStudioVersion = 16.0.28705.295
MinimumVisualStudioVersion = 10.0.40219.1
Project("{FAE04EC0-301F-11D3-BF4B-00C04F79EFBC}") = "ConsoleApp1", "ConsoleApp1\ConsoleApp1.csproj", "{D7CC8568-00CB-47FF-8B29-61D794FDC46F}"
EndProject
Global
	GlobalSection(SolutionConfigurationPlatforms) = preSolution
		Debug|Any CPU = Debug|Any CPU
		Release|Any CPU = Release|Any CPU
	EndGlobalSection
	GlobalSection(ProjectConfigurationPlatforms) = postSolution
		{D7CC8568-00CB-47FF-8B29-61D794FDC46F}.Debug|Any CPU.ActiveCfg = Debug|Any CPU
		{D7CC8568-00CB-47FF-8B29-61D794FDC46F}.Debug|Any CPU.Build.0 = Debug|Any CPU
		{D7CC8568-00CB-47FF-8B29-61D794FDC46F}.Release|Any CPU.ActiveCfg = Release|Any CPU
		{D7CC8568-00CB-47FF-8B29-61D794FDC46F}.Release|Any CPU.Build.0 = Release|Any CPU
	EndGlobalSection
	GlobalSection(SolutionProperties) = preSolution
		HideSolutionNode = FALSE
	EndGlobalSection
	GlobalSection(ExtensibilityGlobals) = postSolution
		SolutionGuid = {6CAFFD2D-515D-4C4B-B7C5-FF1431437393}
	EndGlobalSection
EndGlobal
